lock-version = 1

[[package]]
coordinate = "Akira-TL/matt-skills/ask-matt"
content-digest = "sha256:3333333333333333333333333333333333333333333333333333333333333333"

[[package.software]]
name = "gh"
status = "missing"

[[package.software]]
name = "git"
status = "satisfied"
detected-version = "2.45.2"
location = "/usr/bin/git"

[[package.special]]
name = "GitHub authentication"
status = "unknown"
note = "Private repository access has not been checked yet."
