lock-version = 1
manifest-digest = "sha256:1111111111111111111111111111111111111111111111111111111111111111"

[[repository]]
coordinate = "Akira-TL/matt-skills"
source-kind = "github-release"
release = "1.4.3"
commit = "aaaaaaaaaaaaaaaaaaaaaaaaaaaaaaaaaaaaaaaa"
source-digest = "sha256:2222222222222222222222222222222222222222222222222222222222222222"

[[package]]
coordinate = "Akira-TL/matt-skills/ask-matt"
name = "ask-matt"
source-kind = "github-release"
release = "1.4.3"
commit = "aaaaaaaaaaaaaaaaaaaaaaaaaaaaaaaaaaaaaaaa"
package-root = "skills/engineering/ask-matt"
content-digest = "sha256:3333333333333333333333333333333333333333333333333333333333333333"
manifest-digest = "sha256:4444444444444444444444444444444444444444444444444444444444444444"
dependencies-doc-digest = "sha256:5555555555555555555555555555555555555555555555555555555555555555"
dependencies = [
  "Akira-TL/matt-skills/implement@1.4.3",
  "Akira-TL/matt-skills/wayfinder@1.4.3",
]

[[package]]
coordinate = "Akira-TL/matt-skills/implement"
name = "implement"
source-kind = "github-release"
release = "1.4.3"
commit = "aaaaaaaaaaaaaaaaaaaaaaaaaaaaaaaaaaaaaaaa"
package-root = "skills/engineering/implement"
content-digest = "sha256:6666666666666666666666666666666666666666666666666666666666666666"
dependencies = []

[[repository]]
coordinate = "example/special-skills"
source-kind = "git"
requested-ref = "main"
commit = "0123456789abcdef0123456789abcdef01234567"

[[package]]
coordinate = "example/special-skills/special-skill"
name = "special-skill"
source-kind = "git"
commit = "0123456789abcdef0123456789abcdef01234567"
package-root = "unusual/path/special-skill"
content-digest = "sha256:7777777777777777777777777777777777777777777777777777777777777777"
dependencies = []

[[software]]
package = "Akira-TL/matt-skills/ask-matt"
name = "git"
requirement = ">=2.40"

[[software]]
package = "Akira-TL/matt-skills/ask-matt"
name = "gh"
requirement = ">=2.45"
