lock-version = 1
manifest-digest = "sha256:example-manifest-digest"

[[package]]
name = "akira/ask-matt"
version = "1.4.3"
skill = "ask-matt"
source-kind = "release"
source = "release:akira/ask-matt@1.4.3"
integrity = "sha256:example-ask-matt-digest"
size = 18432
dependencies = [
  "akira/codebase-design@1.3.4",
  "akira/domain-modeling@1.2.1",
]

[[package]]
name = "akira/codebase-design"
version = "1.3.4"
skill = "codebase-design"
source-kind = "release"
source = "release:akira/codebase-design@1.3.4"
integrity = "sha256:example-codebase-design-digest"
size = 12000
dependencies = []

[[package]]
name = "akira/domain-modeling"
version = "1.2.1"
skill = "domain-modeling"
source-kind = "release"
source = "release:akira/domain-modeling@1.2.1"
integrity = "sha256:example-domain-modeling-digest"
size = 9200
dependencies = []

[[package]]
name = "akira/ngs"
version = "2.0.2"
skill = "ngs"
source-kind = "release"
source = "release:akira/ngs@2.0.2"
integrity = "sha256:example-ngs-digest"
size = 23000
dependencies = []

[[package]]
name = "thirdparty/special-skill"
version = "0.3.1"
skill = "special-skill"
source-kind = "git"
repository = "https://github.com/example/special-skill.git"
commit = "0123456789abcdef0123456789abcdef01234567"
subdir = "skill"
integrity = "sha256:example-special-skill-digest"
portable = true
dependencies = []

[[software]]
id = "git"
requirement = ">=2.40"
required-by = ["akira/ask-matt@1.4.3"]

[[software]]
id = "github-cli"
requirement = ">=2.50"
required-by = ["akira/ask-matt@1.4.3"]
